<?xml version="1.0" encoding="utf-8"?>
<Project ToolsVersion="4.0" xmlns="http://schemas.microsoft.com/developer/msbuild/2003">
  <ItemGroup>
    <Filter Include="Source Files">
      <UniqueIdentifier>{4FC737F1-C7A5-4376-A066-2A32D752A2FF}</UniqueIdentifier>
      <Extensions>cpp;c;cc;cxx;c++;cppm;ixx;def;odl;idl;hpj;bat;asm;asmx</Extensions>
    </Filter>
    <Filter Include="Header Files">
      <UniqueIdentifier>{93995380-89BD-4b04-88EB-625FBE52EBFB}</UniqueIdentifier>
      <Extensions>h;hh;hpp;hxx;h++;hm;inl;inc;ipp;xsd</Extensions>
    </Filter>
    <Filter Include="Resource Files">
      <UniqueIdentifier>{67DA6AB6-F800-4c08-8B7A-83BB121AAD01}</UniqueIdentifier>
      <Extensions>rc;ico;cur;bmp;dlg;rc2;rct;bin;rgs;gif;jpg;jpeg;jpe;resx;tiff;tif;png;wav;mfcribbon-ms</Extensions>
    </Filter>
    <Filter Include="Header Files\Global">
      <UniqueIdentifier>{9987228e-d834-417e-a980-fb11be03b2c9}</UniqueIdentifier>
    </Filter>
    <Filter Include="Header Files\Control">
      <UniqueIdentifier>{f33e88ab-0913-4b96-ae37-841f719ab960}</UniqueIdentifier>
    </Filter>
    <Filter Include="Header Files\System">
      <UniqueIdentifier>{8de46abf-c773-4d35-a0e7-808bac3fd54f}</UniqueIdentifier>
    </Filter>
    <Filter Include="Header Files\DrawSystem">
      <UniqueIdentifier>{81c12feb-973b-4d43-bf25-4f1d94575beb}</UniqueIdentifier>
    </Filter>
    <Filter Include="Source Files\Global">
      <UniqueIdentifier>{14552335-5953-46e0-926e-ac9069205c4d}</UniqueIdentifier>
    </Filter>
    <Filter Include="Source Files\Control">
      <UniqueIdentifier>{7cfb40c6-95c4-4ec6-8ac4-a69ac927d161}</UniqueIdentifier>
    </Filter>
    <Filter Include="Source Files\System">
      <UniqueIdentifier>{53019af2-c563-476e-a956-1b6bb4b91a93}</UniqueIdentifier>
    </Filter>
    <Filter Include="Source Files\DrawSystem">
      <UniqueIdentifier>{1e887e9d-9655-4588-8d4f-4dbb0ac5f651}</UniqueIdentifier>
    </Filter>
  </ItemGroup>
  <ItemGroup>
    <ClCompile Include="main.cpp">
      <Filter>Source Files</Filter>
    </ClCompile>
    <ClCompile Include="Camera.cpp">
      <Filter>Source Files\DrawSystem</Filter>
    </ClCompile>
    <ClCompile Include="Color.cpp">
      <Filter>Source Files\Global</Filter>
    </ClCompile>
    <ClCompile Include="Control.cpp">
      <Filter>Source Files\Control</Filter>
    </ClCompile>
    <ClCompile Include="Control.events.cpp">
      <Filter>Source Files\Control</Filter>
    </ClCompile>
    <ClCompile Include="DrawSystem.basics.cpp">
      <Filter>Source Files\DrawSystem</Filter>
    </ClCompile>
    <ClCompile Include="DrawSystem.cpp">
      <Filter>Source Files\DrawSystem</Filter>
    </ClCompile>
    <ClCompile Include="DrawSystem.loadTextures.cpp">
      <Filter>Source Files\DrawSystem</Filter>
    </ClCompile>
    <ClCompile Include="Gamepad.cpp">
      <Filter>Source Files\Control</Filter>
    </ClCompile>
    <ClCompile Include="geometry.cpp">
      <Filter>Source Files\Global</Filter>
    </ClCompile>
    <ClCompile Include="getMilliCount.cpp">
      <Filter>Source Files\Global</Filter>
    </ClCompile>
    <ClCompile Include="Mouse.cpp">
      <Filter>Source Files\Control</Filter>
    </ClCompile>
    <ClCompile Include="random.cpp">
      <Filter>Source Files\Global</Filter>
    </ClCompile>
    <ClCompile Include="System.cpp">
      <Filter>Source Files\System</Filter>
    </ClCompile>
    <ClCompile Include="System.step.cpp">
      <Filter>Source Files\System</Filter>
    </ClCompile>
    <ClCompile Include="Vec2.cpp">
      <Filter>Source Files\Global</Filter>
    </ClCompile>
    <ClCompile Include="Cell.cpp">
      <Filter>Source Files\System</Filter>
    </ClCompile>
  </ItemGroup>
  <ItemGroup>
    <ClInclude Include="Camera.h">
      <Filter>Header Files\DrawSystem</Filter>
    </ClInclude>
    <ClInclude Include="Color.h">
      <Filter>Header Files\Global</Filter>
    </ClInclude>
    <ClInclude Include="Control.h">
      <Filter>Header Files\Control</Filter>
    </ClInclude>
    <ClInclude Include="DrawSystem.h">
      <Filter>Header Files\DrawSystem</Filter>
    </ClInclude>
    <ClInclude Include="Gamepad.h">
      <Filter>Header Files\Control</Filter>
    </ClInclude>
    <ClInclude Include="geometry.h">
      <Filter>Header Files\Global</Filter>
    </ClInclude>
    <ClInclude Include="getMilliCount.h">
      <Filter>Header Files\Global</Filter>
    </ClInclude>
    <ClInclude Include="keys.h">
      <Filter>Header Files\Control</Filter>
    </ClInclude>
    <ClInclude Include="Mouse.h">
      <Filter>Header Files\Control</Filter>
    </ClInclude>
    <ClInclude Include="random.h">
      <Filter>Header Files\Global</Filter>
    </ClInclude>
    <ClInclude Include="System.h">
      <Filter>Header Files\System</Filter>
    </ClInclude>
    <ClInclude Include="Vec2.h">
      <Filter>Header Files\Global</Filter>
    </ClInclude>
    <ClInclude Include="Cell.h">
      <Filter>Header Files\System</Filter>
    </ClInclude>
  </ItemGroup>
</Project>